
Microsoft Visual Studio Solution File, Format Version 12.00
# Visual Studio Version 16
VisualStudioVersion = 16.0.31402.337
MinimumVisualStudioVersion = 10.0.40219.1
Project("{9A19103F-16F7-4668-BE54-9A1E7A4F7556}") = "CanvasRendering", "CanvasRendering\CanvasRendering.csproj", "{951F5778-1361-4367-B063-71D443DEA459}"
EndProject
Project("{9A19103F-16F7-4668-BE54-9A1E7A4F7556}") = "NekoPainter", "NekoPainter\NekoPainter.csproj", "{046F849B-3197-49FB-9810-6C20812A9720}"
EndProject
Project("{9A19103F-16F7-4668-BE54-9A1E7A4F7556}") = "ImGui.NET", "ImGui.NET\ImGui.NET.csproj", "{7AE88EA7-8F88-41CD-9A3E-0749025E3DDF}"
EndProject
Project("{9A19103F-16F7-4668-BE54-9A1E7A4F7556}") = "ImGuizmo.NET", "ImGuizmo.NET\ImGuizmo.NET.csproj", "{67BEC346-841C-4354-AE8C-B4778CB08F00}"
EndProject
Project("{9A19103F-16F7-4668-BE54-9A1E7A4F7556}") = "ImNodes.NET", "ImNodes.NET\ImNodes.NET.csproj", "{FF9BDCC9-E720-420B-B7B1-8D0B35A7A9F9}"
EndProject
Project("{9A19103F-16F7-4668-BE54-9A1E7A4F7556}") = "ImPlot.NET", "ImPlot.NET\ImPlot.NET.csproj", "{3BE15E6F-76AE-4FAB-870C-49B6F8B609CE}"
EndProject
Global
	GlobalSection(SolutionConfigurationPlatforms) = preSolution
		Debug|Any CPU = Debug|Any CPU
		Debug|ARM = Debug|ARM
		Debug|ARM64 = Debug|ARM64
		Debug|x64 = Debug|x64
		Debug|x86 = Debug|x86
		Release|Any CPU = Release|Any CPU
		Release|ARM = Release|ARM
		Release|ARM64 = Release|ARM64
		Release|x64 = Release|x64
		Release|x86 = Release|x86
	EndGlobalSection
	GlobalSection(ProjectConfigurationPlatforms) = postSolution
		{951F5778-1361-4367-B063-71D443DEA459}.Debug|Any CPU.ActiveCfg = Debug|Any CPU
		{951F5778-1361-4367-B063-71D443DEA459}.Debug|Any CPU.Build.0 = Debug|Any CPU
		{951F5778-1361-4367-B063-71D443DEA459}.Debug|ARM.ActiveCfg = Debug|Any CPU
		{951F5778-1361-4367-B063-71D443DEA459}.Debug|ARM.Build.0 = Debug|Any CPU
		{951F5778-1361-4367-B063-71D443DEA459}.Debug|ARM64.ActiveCfg = Debug|Any CPU
		{951F5778-1361-4367-B063-71D443DEA459}.Debug|ARM64.Build.0 = Debug|Any CPU
		{951F5778-1361-4367-B063-71D443DEA459}.Debug|x64.ActiveCfg = Debug|Any CPU
		{951F5778-1361-4367-B063-71D443DEA459}.Debug|x64.Build.0 = Debug|Any CPU
		{951F5778-1361-4367-B063-71D443DEA459}.Debug|x86.ActiveCfg = Debug|Any CPU
		{951F5778-1361-4367-B063-71D443DEA459}.Debug|x86.Build.0 = Debug|Any CPU
		{951F5778-1361-4367-B063-71D443DEA459}.Release|Any CPU.ActiveCfg = Release|Any CPU
		{951F5778-1361-4367-B063-71D443DEA459}.Release|Any CPU.Build.0 = Release|Any CPU
		{951F5778-1361-4367-B063-71D443DEA459}.Release|ARM.ActiveCfg = Release|Any CPU
		{951F5778-1361-4367-B063-71D443DEA459}.Release|ARM.Build.0 = Release|Any CPU
		{951F5778-1361-4367-B063-71D443DEA459}.Release|ARM64.ActiveCfg = Release|Any CPU
		{951F5778-1361-4367-B063-71D443DEA459}.Release|ARM64.Build.0 = Release|Any CPU
		{951F5778-1361-4367-B063-71D443DEA459}.Release|x64.ActiveCfg = Release|Any CPU
		{951F5778-1361-4367-B063-71D443DEA459}.Release|x64.Build.0 = Release|Any CPU
		{951F5778-1361-4367-B063-71D443DEA459}.Release|x86.ActiveCfg = Release|Any CPU
		{951F5778-1361-4367-B063-71D443DEA459}.Release|x86.Build.0 = Release|Any CPU
		{046F849B-3197-49FB-9810-6C20812A9720}.Debug|Any CPU.ActiveCfg = Debug|Any CPU
		{046F849B-3197-49FB-9810-6C20812A9720}.Debug|Any CPU.Build.0 = Debug|Any CPU
		{046F849B-3197-49FB-9810-6C20812A9720}.Debug|ARM.ActiveCfg = Debug|Any CPU
		{046F849B-3197-49FB-9810-6C20812A9720}.Debug|ARM.Build.0 = Debug|Any CPU
		{046F849B-3197-49FB-9810-6C20812A9720}.Debug|ARM64.ActiveCfg = Debug|Any CPU
		{046F849B-3197-49FB-9810-6C20812A9720}.Debug|ARM64.Build.0 = Debug|Any CPU
		{046F849B-3197-49FB-9810-6C20812A9720}.Debug|x64.ActiveCfg = Debug|Any CPU
		{046F849B-3197-49FB-9810-6C20812A9720}.Debug|x64.Build.0 = Debug|Any CPU
		{046F849B-3197-49FB-9810-6C20812A9720}.Debug|x86.ActiveCfg = Debug|Any CPU
		{046F849B-3197-49FB-9810-6C20812A9720}.Debug|x86.Build.0 = Debug|Any CPU
		{046F849B-3197-49FB-9810-6C20812A9720}.Release|Any CPU.ActiveCfg = Release|Any CPU
		{046F849B-3197-49FB-9810-6C20812A9720}.Release|Any CPU.Build.0 = Release|Any CPU
		{046F849B-3197-49FB-9810-6C20812A9720}.Release|ARM.ActiveCfg = Release|Any CPU
		{046F849B-3197-49FB-9810-6C20812A9720}.Release|ARM.Build.0 = Release|Any CPU
		{046F849B-3197-49FB-9810-6C20812A9720}.Release|ARM64.ActiveCfg = Release|Any CPU
		{046F849B-3197-49FB-9810-6C20812A9720}.Release|ARM64.Build.0 = Release|Any CPU
		{046F849B-3197-49FB-9810-6C20812A9720}.Release|x64.ActiveCfg = Release|Any CPU
		{046F849B-3197-49FB-9810-6C20812A9720}.Release|x64.Build.0 = Release|Any CPU
		{046F849B-3197-49FB-9810-6C20812A9720}.Release|x86.ActiveCfg = Release|Any CPU
		{046F849B-3197-49FB-9810-6C20812A9720}.Release|x86.Build.0 = Release|Any CPU
		{7AE88EA7-8F88-41CD-9A3E-0749025E3DDF}.Debug|Any CPU.ActiveCfg = Debug|Any CPU
		{7AE88EA7-8F88-41CD-9A3E-0749025E3DDF}.Debug|Any CPU.Build.0 = Debug|Any CPU
		{7AE88EA7-8F88-41CD-9A3E-0749025E3DDF}.Debug|ARM.ActiveCfg = Debug|Any CPU
		{7AE88EA7-8F88-41CD-9A3E-0749025E3DDF}.Debug|ARM.Build.0 = Debug|Any CPU
		{7AE88EA7-8F88-41CD-9A3E-0749025E3DDF}.Debug|ARM64.ActiveCfg = Debug|Any CPU
		{7AE88EA7-8F88-41CD-9A3E-0749025E3DDF}.Debug|ARM64.Build.0 = Debug|Any CPU
		{7AE88EA7-8F88-41CD-9A3E-0749025E3DDF}.Debug|x64.ActiveCfg = Debug|Any CPU
		{7AE88EA7-8F88-41CD-9A3E-0749025E3DDF}.Debug|x64.Build.0 = Debug|Any CPU
		{7AE88EA7-8F88-41CD-9A3E-0749025E3DDF}.Debug|x86.ActiveCfg = Debug|Any CPU
		{7AE88EA7-8F88-41CD-9A3E-0749025E3DDF}.Debug|x86.Build.0 = Debug|Any CPU
		{7AE88EA7-8F88-41CD-9A3E-0749025E3DDF}.Release|Any CPU.ActiveCfg = Release|Any CPU
		{7AE88EA7-8F88-41CD-9A3E-0749025E3DDF}.Release|Any CPU.Build.0 = Release|Any CPU
		{7AE88EA7-8F88-41CD-9A3E-0749025E3DDF}.Release|ARM.ActiveCfg = Release|Any CPU
		{7AE88EA7-8F88-41CD-9A3E-0749025E3DDF}.Release|ARM.Build.0 = Release|Any CPU
		{7AE88EA7-8F88-41CD-9A3E-0749025E3DDF}.Release|ARM64.ActiveCfg = Release|Any CPU
		{7AE88EA7-8F88-41CD-9A3E-0749025E3DDF}.Release|ARM64.Build.0 = Release|Any CPU
		{7AE88EA7-8F88-41CD-9A3E-0749025E3DDF}.Release|x64.ActiveCfg = Release|Any CPU
		{7AE88EA7-8F88-41CD-9A3E-0749025E3DDF}.Release|x64.Build.0 = Release|Any CPU
		{7AE88EA7-8F88-41CD-9A3E-0749025E3DDF}.Release|x86.ActiveCfg = Release|Any CPU
		{7AE88EA7-8F88-41CD-9A3E-0749025E3DDF}.Release|x86.Build.0 = Release|Any CPU
		{67BEC346-841C-4354-AE8C-B4778CB08F00}.Debug|Any CPU.ActiveCfg = Debug|Any CPU
		{67BEC346-841C-4354-AE8C-B4778CB08F00}.Debug|Any CPU.Build.0 = Debug|Any CPU
		{67BEC346-841C-4354-AE8C-B4778CB08F00}.Debug|ARM.ActiveCfg = Debug|Any CPU
		{67BEC346-841C-4354-AE8C-B4778CB08F00}.Debug|ARM.Build.0 = Debug|Any CPU
		{67BEC346-841C-4354-AE8C-B4778CB08F00}.Debug|ARM64.ActiveCfg = Debug|Any CPU
		{67BEC346-841C-4354-AE8C-B4778CB08F00}.Debug|ARM64.Build.0 = Debug|Any CPU
		{67BEC346-841C-4354-AE8C-B4778CB08F00}.Debug|x64.ActiveCfg = Debug|Any CPU
		{67BEC346-841C-4354-AE8C-B4778CB08F00}.Debug|x64.Build.0 = Debug|Any CPU
		{67BEC346-841C-4354-AE8C-B4778CB08F00}.Debug|x86.ActiveCfg = Debug|Any CPU
		{67BEC346-841C-4354-AE8C-B4778CB08F00}.Debug|x86.Build.0 = Debug|Any CPU
		{67BEC346-841C-4354-AE8C-B4778CB08F00}.Release|Any CPU.ActiveCfg = Release|Any CPU
		{67BEC346-841C-4354-AE8C-B4778CB08F00}.Release|Any CPU.Build.0 = Release|Any CPU
		{67BEC346-841C-4354-AE8C-B4778CB08F00}.Release|ARM.ActiveCfg = Release|Any CPU
		{67BEC346-841C-4354-AE8C-B4778CB08F00}.Release|ARM.Build.0 = Release|Any CPU
		{67BEC346-841C-4354-AE8C-B4778CB08F00}.Release|ARM64.ActiveCfg = Release|Any CPU
		{67BEC346-841C-4354-AE8C-B4778CB08F00}.Release|ARM64.Build.0 = Release|Any CPU
		{67BEC346-841C-4354-AE8C-B4778CB08F00}.Release|x64.ActiveCfg = Release|Any CPU
		{67BEC346-841C-4354-AE8C-B4778CB08F00}.Release|x64.Build.0 = Release|Any CPU
		{67BEC346-841C-4354-AE8C-B4778CB08F00}.Release|x86.ActiveCfg = Release|Any CPU
		{67BEC346-841C-4354-AE8C-B4778CB08F00}.Release|x86.Build.0 = Release|Any CPU
		{FF9BDCC9-E720-420B-B7B1-8D0B35A7A9F9}.Debug|Any CPU.ActiveCfg = Debug|Any CPU
		{FF9BDCC9-E720-420B-B7B1-8D0B35A7A9F9}.Debug|Any CPU.Build.0 = Debug|Any CPU
		{FF9BDCC9-E720-420B-B7B1-8D0B35A7A9F9}.Debug|ARM.ActiveCfg = Debug|Any CPU
		{FF9BDCC9-E720-420B-B7B1-8D0B35A7A9F9}.Debug|ARM.Build.0 = Debug|Any CPU
		{FF9BDCC9-E720-420B-B7B1-8D0B35A7A9F9}.Debug|ARM64.ActiveCfg = Debug|Any CPU
		{FF9BDCC9-E720-420B-B7B1-8D0B35A7A9F9}.Debug|ARM64.Build.0 = Debug|Any CPU
		{FF9BDCC9-E720-420B-B7B1-8D0B35A7A9F9}.Debug|x64.ActiveCfg = Debug|Any CPU
		{FF9BDCC9-E720-420B-B7B1-8D0B35A7A9F9}.Debug|x64.Build.0 = Debug|Any CPU
		{FF9BDCC9-E720-420B-B7B1-8D0B35A7A9F9}.Debug|x86.ActiveCfg = Debug|Any CPU
		{FF9BDCC9-E720-420B-B7B1-8D0B35A7A9F9}.Debug|x86.Build.0 = Debug|Any CPU
		{FF9BDCC9-E720-420B-B7B1-8D0B35A7A9F9}.Release|Any CPU.ActiveCfg = Release|Any CPU
		{FF9BDCC9-E720-420B-B7B1-8D0B35A7A9F9}.Release|Any CPU.Build.0 = Release|Any CPU
		{FF9BDCC9-E720-420B-B7B1-8D0B35A7A9F9}.Release|ARM.ActiveCfg = Release|Any CPU
		{FF9BDCC9-E720-420B-B7B1-8D0B35A7A9F9}.Release|ARM.Build.0 = Release|Any CPU
		{FF9BDCC9-E720-420B-B7B1-8D0B35A7A9F9}.Release|ARM64.ActiveCfg = Release|Any CPU
		{FF9BDCC9-E720-420B-B7B1-8D0B35A7A9F9}.Release|ARM64.Build.0 = Release|Any CPU
		{FF9BDCC9-E720-420B-B7B1-8D0B35A7A9F9}.Release|x64.ActiveCfg = Release|Any CPU
		{FF9BDCC9-E720-420B-B7B1-8D0B35A7A9F9}.Release|x64.Build.0 = Release|Any CPU
		{FF9BDCC9-E720-420B-B7B1-8D0B35A7A9F9}.Release|x86.ActiveCfg = Release|Any CPU
		{FF9BDCC9-E720-420B-B7B1-8D0B35A7A9F9}.Release|x86.Build.0 = Release|Any CPU
		{3BE15E6F-76AE-4FAB-870C-49B6F8B609CE}.Debug|Any CPU.ActiveCfg = Debug|Any CPU
		{3BE15E6F-76AE-4FAB-870C-49B6F8B609CE}.Debug|Any CPU.Build.0 = Debug|Any CPU
		{3BE15E6F-76AE-4FAB-870C-49B6F8B609CE}.Debug|ARM.ActiveCfg = Debug|Any CPU
		{3BE15E6F-76AE-4FAB-870C-49B6F8B609CE}.Debug|ARM.Build.0 = Debug|Any CPU
		{3BE15E6F-76AE-4FAB-870C-49B6F8B609CE}.Debug|ARM64.ActiveCfg = Debug|Any CPU
		{3BE15E6F-76AE-4FAB-870C-49B6F8B609CE}.Debug|ARM64.Build.0 = Debug|Any CPU
		{3BE15E6F-76AE-4FAB-870C-49B6F8B609CE}.Debug|x64.ActiveCfg = Debug|Any CPU
		{3BE15E6F-76AE-4FAB-870C-49B6F8B609CE}.Debug|x64.Build.0 = Debug|Any CPU
		{3BE15E6F-76AE-4FAB-870C-49B6F8B609CE}.Debug|x86.ActiveCfg = Debug|Any CPU
		{3BE15E6F-76AE-4FAB-870C-49B6F8B609CE}.Debug|x86.Build.0 = Debug|Any CPU
		{3BE15E6F-76AE-4FAB-870C-49B6F8B609CE}.Release|Any CPU.ActiveCfg = Release|Any CPU
		{3BE15E6F-76AE-4FAB-870C-49B6F8B609CE}.Release|Any CPU.Build.0 = Release|Any CPU
		{3BE15E6F-76AE-4FAB-870C-49B6F8B609CE}.Release|ARM.ActiveCfg = Release|Any CPU
		{3BE15E6F-76AE-4FAB-870C-49B6F8B609CE}.Release|ARM.Build.0 = Release|Any CPU
		{3BE15E6F-76AE-4FAB-870C-49B6F8B609CE}.Release|ARM64.ActiveCfg = Release|Any CPU
		{3BE15E6F-76AE-4FAB-870C-49B6F8B609CE}.Release|ARM64.Build.0 = Release|Any CPU
		{3BE15E6F-76AE-4FAB-870C-49B6F8B609CE}.Release|x64.ActiveCfg = Release|Any CPU
		{3BE15E6F-76AE-4FAB-870C-49B6F8B609CE}.Release|x64.Build.0 = Release|Any CPU
		{3BE15E6F-76AE-4FAB-870C-49B6F8B609CE}.Release|x86.ActiveCfg = Release|Any CPU
		{3BE15E6F-76AE-4FAB-870C-49B6F8B609CE}.Release|x86.Build.0 = Release|Any CPU
	EndGlobalSection
	GlobalSection(SolutionProperties) = preSolution
		HideSolutionNode = FALSE
	EndGlobalSection
	GlobalSection(ExtensibilityGlobals) = postSolution
		SolutionGuid = {1EB10886-BF0C-4572-AEC9-C9239D0D5588}
	EndGlobalSection
EndGlobal
